# THIS IS AN AUTOGENERATED FILE. DO NOT EDIT THIS FILE DIRECTLY.
# yarn lockfile v1


"@angular/common@>= 5.0.0":
  version "17.1.2"
  resolved "https://registry.npmjs.org/@angular/common/-/common-17.1.2.tgz"
  integrity sha512-y/wD+zuPaPgK3dB80Q63qBtuu5TuryKuUgjWrOmrguBWV9oiJRhKQrcp1gVw9vVrowmbDBKGtPMS622Q4oxOWQ==
  dependencies:
    tslib "^2.3.0"

"@angular/core@>= 5.0.0", "@angular/core@17.1.2":
  version "17.1.2"
  resolved "https://registry.npmjs.org/@angular/core/-/core-17.1.2.tgz"
  integrity sha512-0M787BZVgYSVogHCUzo/dFrT56TgfQoEsOQngHMpyERJZv6dycXZlRdHc6TzvHUa+Uu/MNjn/RclBR8063bdWA==
  dependencies:
    tslib "^2.3.0"

"@babel/parser@^7.23.9":
  version "7.23.9"
  resolved "https://registry.npmjs.org/@babel/parser/-/parser-7.23.9.tgz"
  integrity sha512-9tcKgqKbs3xGJ+NtKF2ndOBBLVwPjl1SHxPQkd36r3Dlirw3xWUeGaTbqr7uGZcTaxkVNwc+03SVP7aCdWrTlA==

"@joeychenofficial/alt-ergo-modified@^2.4.0":
  version "2.4.0"
  resolved "https://registry.npmjs.org/@joeychenofficial/alt-ergo-modified/-/alt-ergo-modified-2.4.0.tgz"
  integrity sha512-58b0K8pNUVZXGbua4IJQ+1K+E+jz3MkhDazZaaeKlD+sOLYR9iTHIbicV/I5K16ivYW6R9lONiT3dz8rMeFJ1w==

"@types/estree@0.0.52":
  version "0.0.52"
  resolved "https://registry.npmjs.org/@types/estree/-/estree-0.0.52.tgz"
  integrity sha512-BZWrtCU0bMVAIliIV+HJO1f1PR41M7NKjfxrFJwwhKI1KwhwOxYw1SXg9ao+CIMt774nFuGiG6eU+udtbEI9oQ==

acorn-class-fields@^1.0.0:
  version "1.0.0"
  resolved "https://registry.npmjs.org/acorn-class-fields/-/acorn-class-fields-1.0.0.tgz"
  integrity sha512-l+1FokF34AeCXGBHkrXFmml9nOIRI+2yBnBpO5MaVAaTIJ96irWLtcCxX+7hAp6USHFCe+iyyBB4ZhxV807wmA==
  dependencies:
    acorn-private-class-elements "^1.0.0"

acorn-loose@^8.0.0:
  version "8.4.0"
  resolved "https://registry.npmjs.org/acorn-loose/-/acorn-loose-8.4.0.tgz"
  integrity sha512-M0EUka6rb+QC4l9Z3T0nJEzNOO7JcoJlYMrBlyBCiFSXRyxjLKayd4TbQs2FDRWQU1h9FR7QVNHt+PEaoNL5rQ==
  dependencies:
    acorn "^8.11.0"

acorn-private-class-elements@^1.0.0:
  version "1.0.0"
  resolved "https://registry.npmjs.org/acorn-private-class-elements/-/acorn-private-class-elements-1.0.0.tgz"
  integrity sha512-zYNcZtxKgVCg1brS39BEou86mIao1EV7eeREG+6WMwKbuYTeivRRs6S2XdWnboRde6G9wKh2w+WBydEyJsJ6mg==

acorn-walk@^8.0.0:
  version "8.3.2"
  resolved "https://registry.npmjs.org/acorn-walk/-/acorn-walk-8.3.2.tgz"
  integrity sha512-cjkyv4OtNCIeqhHrfS81QWXoCBPExR/J62oyEqepVw8WaQeSqpW2uhuLPh1m9eWhDuOo/jUXVTlifvesOWp/4A==

"acorn@^6 || ^7 || ^8", "acorn@^6.1.0 || ^7 || ^8", acorn@^8.0.3, acorn@^8.11.0:
  version "8.11.3"
  resolved "https://registry.npmjs.org/acorn/-/acorn-8.11.3.tgz"
  integrity sha512-Y9rRfJG5jcKOE0CLisYbojUjIrIEE7AGMzA/Sm4BslANhbS+cDMpgBdcPT91oJ7OuJ9hYJBx59RjbhxVnrF8Xg==

astring@^1.4.3:
  version "1.8.6"
  resolved "https://registry.npmjs.org/astring/-/astring-1.8.6.tgz"
  integrity sha512-ISvCdHdlTDlH5IpxQJIex7BWBywFWgjJSVdwst+/iQCoEYnyOaQ95+X1JGshuBjGp6nxKUy1jMgE3zPqN7fQdg==

babel@^6.23.0:
  version "6.23.0"
  resolved "https://registry.npmjs.org/babel/-/babel-6.23.0.tgz"
  integrity sha512-ZDcCaI8Vlct8PJ3DvmyqUz+5X2Ylz3ZuuItBe/74yXosk2dwyVo/aN7MCJ8HJzhnnJ+6yP4o+lDgG9MBe91DLA==

lodash@^4.17.20:
  version "4.17.21"
  resolved "https://registry.npmjs.org/lodash/-/lodash-4.17.21.tgz"
  integrity sha512-v2kDEe57lecTulaDIuNTPy3Ry4gLGJ6Z1O3vE1krgXZNrsQ+LFTGHVxVjcXPs17LhbZVGedAJv8XZ1tvj5FvSg==

"rxjs@^6.5.3 || ^7.4.0":
  version "7.8.1"
  resolved "https://registry.npmjs.org/rxjs/-/rxjs-7.8.1.tgz"
  integrity sha512-AA3TVj+0A2iuIoQkWEK/tqFjBq2j+6PO6Y0zJcvzLAFhEFIO3HL0vls9hWLncZbAAbK0mar7oZ4V079I/qPMxg==
  dependencies:
    tslib "^2.1.0"

source-map@^0.7.3:
  version "0.7.4"
  resolved "https://registry.npmjs.org/source-map/-/source-map-0.7.4.tgz"
  integrity sha512-l3BikUxvPOcn5E74dZiq5BGsTb5yEwhaTSzccU6t4sDOH8NWJCstKO5QT2CvtFoK6F0saL7p9xHAqHOlCPJygA==

tslib@^1.9.2:
  version "1.14.1"
  resolved "https://registry.npmjs.org/tslib/-/tslib-1.14.1.tgz"
  integrity sha512-Xni35NKzjgMrwevysHTCArtLDpPvye8zV/0E4EyYn43P7/7qvQwPh9BGkHewbMulVntbigmcT7rdX3BNo9wRJg==

tslib@^2.1.0, tslib@^2.3.0:
  version "2.6.2"
  resolved "https://registry.npmjs.org/tslib/-/tslib-2.6.2.tgz"
  integrity sha512-AEYxH93jGFPn/a2iVAwW87VuUIkR1FVUKB77NwMF7nBTDkDrrT/Hpt/IrCJ0QXhW27jTBDcf5ZY7w6RiqTMw2Q==

xmlhttprequest-ts@^1.0.1:
  version "1.0.1"
  resolved "https://registry.npmjs.org/xmlhttprequest-ts/-/xmlhttprequest-ts-1.0.1.tgz"
  integrity sha512-x+7u8NpBcwfBCeGqUpdGrR6+kGUGVjKc4wolyCz7CQqBZQp7VIyaF1xAvJ7ApRzvLeuiC4BbmrA6CWH9NqxK/g==
  dependencies:
    tslib "^1.9.2"

zone.js@~0.14.0:
  version "0.14.3"
  resolved "https://registry.npmjs.org/zone.js/-/zone.js-0.14.3.tgz"
  integrity sha512-jYoNqF046Q+JfcZSItRSt+oXFcpXL88yq7XAZjb/NKTS7w2hHpKjRJ3VlFD1k75wMaRRXNUt5vrZVlygiMyHbA==
  dependencies:
    tslib "^2.3.0"
